<?xml version="1.0" encoding="utf-8"?>
<Project ToolsVersion="4.0" xmlns="http://schemas.microsoft.com/developer/msbuild/2003">
  <ItemGroup>
    <Filter Include="Source Files">
      <UniqueIdentifier>{4FC737F1-C7A5-4376-A066-2A32D752A2FF}</UniqueIdentifier>
      <Extensions>h;hpp;cpp;c;cc;cxx;def;odl;idl;hpj;bat;asm;asmx</Extensions>
    </Filter>
    <Filter Include="Resource Files">
      <UniqueIdentifier>{67DA6AB6-F800-4c08-8B7A-83BB121AAD01}</UniqueIdentifier>
      <Extensions>rc;ico;cur;bmp;dlg;rc2;rct;bin;rgs;gif;jpg;jpeg;jpe;resx;tiff;tif;png;wav;mfcribbon-ms</Extensions>
    </Filter>
    <Filter Include="Source Files\raknet">
      <UniqueIdentifier>{77dfddc0-d870-40e1-b743-6815b0b20f93}</UniqueIdentifier>
    </Filter>
    <Filter Include="Source Files\rapidjson">
      <UniqueIdentifier>{97caa6f8-3d00-4ad4-a595-baa11356af47}</UniqueIdentifier>
    </Filter>
    <Filter Include="Source Files\rapidjson\internal">
      <UniqueIdentifier>{3f9c9691-79c5-4206-a45c-df8fd6f5adff}</UniqueIdentifier>
    </Filter>
    <Filter Include="Source Files\crypto">
      <UniqueIdentifier>{c9f09e51-8b49-4dd5-98f5-212394a837ad}</UniqueIdentifier>
    </Filter>
  </ItemGroup>
  <ItemGroup>
    <ClInclude Include="..\..\src\contrib\pugiconfig.hpp">
      <Filter>Source Files</Filter>
    </ClInclude>
    <ClInclude Include="..\..\src\contrib\pugixml.hpp">
      <Filter>Source Files</Filter>
    </ClInclude>
    <ClInclude Include="..\..\src\contrib\raknet\_FindFirst.h">
      <Filter>Source Files\raknet</Filter>
    </ClInclude>
    <ClInclude Include="..\..\src\contrib\raknet\AutopatcherPatchContext.h">
      <Filter>Source Files\raknet</Filter>
    </ClInclude>
    <ClInclude Include="..\..\src\contrib\raknet\AutopatcherRepositoryInterface.h">
      <Filter>Source Files\raknet</Filter>
    </ClInclude>
    <ClInclude Include="..\..\src\contrib\raknet\Base64Encoder.h">
      <Filter>Source Files\raknet</Filter>
    </ClInclude>
    <ClInclude Include="..\..\src\contrib\raknet\BitStream.h">
      <Filter>Source Files\raknet</Filter>
    </ClInclude>
    <ClInclude Include="..\..\src\contrib\raknet\CCRakNetSlidingWindow.h">
      <Filter>Source Files\raknet</Filter>
    </ClInclude>
    <ClInclude Include="..\..\src\contrib\raknet\CCRakNetUDT.h">
      <Filter>Source Files\raknet</Filter>
    </ClInclude>
    <ClInclude Include="..\..\src\contrib\raknet\CheckSum.h">
      <Filter>Source Files\raknet</Filter>
    </ClInclude>
    <ClInclude Include="..\..\src\contrib\raknet\CloudClient.h">
      <Filter>Source Files\raknet</Filter>
    </ClInclude>
    <ClInclude Include="..\..\src\contrib\raknet\CloudCommon.h">
      <Filter>Source Files\raknet</Filter>
    </ClInclude>
    <ClInclude Include="..\..\src\contrib\raknet\CloudServer.h">
      <Filter>Source Files\raknet</Filter>
    </ClInclude>
    <ClInclude Include="..\..\src\contrib\raknet\CommandParserInterface.h">
      <Filter>Source Files\raknet</Filter>
    </ClInclude>
    <ClInclude Include="..\..\src\contrib\raknet\ConnectionGraph2.h">
      <Filter>Source Files\raknet</Filter>
    </ClInclude>
    <ClInclude Include="..\..\src\contrib\raknet\ConsoleServer.h">
      <Filter>Source Files\raknet</Filter>
    </ClInclude>
    <ClInclude Include="..\..\src\contrib\raknet\DataCompressor.h">
      <Filter>Source Files\raknet</Filter>
    </ClInclude>
    <ClInclude Include="..\..\src\contrib\raknet\DirectoryDeltaTransfer.h">
      <Filter>Source Files\raknet</Filter>
    </ClInclude>
    <ClInclude Include="..\..\src\contrib\raknet\DR_SHA1.h">
      <Filter>Source Files\raknet</Filter>
    </ClInclude>
    <ClInclude Include="..\..\src\contrib\raknet\DS_BinarySearchTree.h">
      <Filter>Source Files\raknet</Filter>
    </ClInclude>
    <ClInclude Include="..\..\src\contrib\raknet\DS_BPlusTree.h">
      <Filter>Source Files\raknet</Filter>
    </ClInclude>
    <ClInclude Include="..\..\src\contrib\raknet\DS_BytePool.h">
      <Filter>Source Files\raknet</Filter>
    </ClInclude>
    <ClInclude Include="..\..\src\contrib\raknet\DS_ByteQueue.h">
      <Filter>Source Files\raknet</Filter>
    </ClInclude>
    <ClInclude Include="..\..\src\contrib\raknet\DS_Hash.h">
      <Filter>Source Files\raknet</Filter>
    </ClInclude>
    <ClInclude Include="..\..\src\contrib\raknet\DS_Heap.h">
      <Filter>Source Files\raknet</Filter>
    </ClInclude>
    <ClInclude Include="..\..\src\contrib\raknet\DS_HuffmanEncodingTree.h">
      <Filter>Source Files\raknet</Filter>
    </ClInclude>
    <ClInclude Include="..\..\src\contrib\raknet\DS_HuffmanEncodingTreeFactory.h">
      <Filter>Source Files\raknet</Filter>
    </ClInclude>
    <ClInclude Include="..\..\src\contrib\raknet\DS_HuffmanEncodingTreeNode.h">
      <Filter>Source Files\raknet</Filter>
    </ClInclude>
    <ClInclude Include="..\..\src\contrib\raknet\DS_LinkedList.h">
      <Filter>Source Files\raknet</Filter>
    </ClInclude>
    <ClInclude Include="..\..\src\contrib\raknet\DS_List.h">
      <Filter>Source Files\raknet</Filter>
    </ClInclude>
    <ClInclude Include="..\..\src\contrib\raknet\DS_Map.h">
      <Filter>Source Files\raknet</Filter>
    </ClInclude>
    <ClInclude Include="..\..\src\contrib\raknet\DS_MemoryPool.h">
      <Filter>Source Files\raknet</Filter>
    </ClInclude>
    <ClInclude Include="..\..\src\contrib\raknet\DS_Multilist.h">
      <Filter>Source Files\raknet</Filter>
    </ClInclude>
    <ClInclude Include="..\..\src\contrib\raknet\DS_OrderedChannelHeap.h">
      <Filter>Source Files\raknet</Filter>
    </ClInclude>
    <ClInclude Include="..\..\src\contrib\raknet\DS_OrderedList.h">
      <Filter>Source Files\raknet</Filter>
    </ClInclude>
    <ClInclude Include="..\..\src\contrib\raknet\DS_Queue.h">
      <Filter>Source Files\raknet</Filter>
    </ClInclude>
    <ClInclude Include="..\..\src\contrib\raknet\DS_QueueLinkedList.h">
      <Filter>Source Files\raknet</Filter>
    </ClInclude>
    <ClInclude Include="..\..\src\contrib\raknet\DS_RangeList.h">
      <Filter>Source Files\raknet</Filter>
    </ClInclude>
    <ClInclude Include="..\..\src\contrib\raknet\DS_Table.h">
      <Filter>Source Files\raknet</Filter>
    </ClInclude>
    <ClInclude Include="..\..\src\contrib\raknet\DS_ThreadsafeAllocatingQueue.h">
      <Filter>Source Files\raknet</Filter>
    </ClInclude>
    <ClInclude Include="..\..\src\contrib\raknet\DS_Tree.h">
      <Filter>Source Files\raknet</Filter>
    </ClInclude>
    <ClInclude Include="..\..\src\contrib\raknet\DS_WeightedGraph.h">
      <Filter>Source Files\raknet</Filter>
    </ClInclude>
    <ClInclude Include="..\..\src\contrib\raknet\DynDNS.h">
      <Filter>Source Files\raknet</Filter>
    </ClInclude>
    <ClInclude Include="..\..\src\contrib\raknet\EmailSender.h">
      <Filter>Source Files\raknet</Filter>
    </ClInclude>
    <ClInclude Include="..\..\src\contrib\raknet\EmptyHeader.h">
      <Filter>Source Files\raknet</Filter>
    </ClInclude>
    <ClInclude Include="..\..\src\contrib\raknet\EpochTimeToString.h">
      <Filter>Source Files\raknet</Filter>
    </ClInclude>
    <ClInclude Include="..\..\src\contrib\raknet\Export.h">
      <Filter>Source Files\raknet</Filter>
    </ClInclude>
    <ClInclude Include="..\..\src\contrib\raknet\FileList.h">
      <Filter>Source Files\raknet</Filter>
    </ClInclude>
    <ClInclude Include="..\..\src\contrib\raknet\FileListNodeContext.h">
      <Filter>Source Files\raknet</Filter>
    </ClInclude>
    <ClInclude Include="..\..\src\contrib\raknet\FileListTransfer.h">
      <Filter>Source Files\raknet</Filter>
    </ClInclude>
    <ClInclude Include="..\..\src\contrib\raknet\FileListTransferCBInterface.h">
      <Filter>Source Files\raknet</Filter>
    </ClInclude>
    <ClInclude Include="..\..\src\contrib\raknet\FileOperations.h">
      <Filter>Source Files\raknet</Filter>
    </ClInclude>
    <ClInclude Include="..\..\src\contrib\raknet\FormatString.h">
      <Filter>Source Files\raknet</Filter>
    </ClInclude>
    <ClInclude Include="..\..\src\contrib\raknet\FullyConnectedMesh2.h">
      <Filter>Source Files\raknet</Filter>
    </ClInclude>
    <ClInclude Include="..\..\src\contrib\raknet\Getche.h">
      <Filter>Source Files\raknet</Filter>
    </ClInclude>
    <ClInclude Include="..\..\src\contrib\raknet\Gets.h">
      <Filter>Source Files\raknet</Filter>
    </ClInclude>
    <ClInclude Include="..\..\src\contrib\raknet\GetTime.h">
      <Filter>Source Files\raknet</Filter>
    </ClInclude>
    <ClInclude Include="..\..\src\contrib\raknet\gettimeofday.h">
      <Filter>Source Files\raknet</Filter>
    </ClInclude>
    <ClInclude Include="..\..\src\contrib\raknet\GridSectorizer.h">
      <Filter>Source Files\raknet</Filter>
    </ClInclude>
    <ClInclude Include="..\..\src\contrib\raknet\HTTPConnection.h">
      <Filter>Source Files\raknet</Filter>
    </ClInclude>
    <ClInclude Include="..\..\src\contrib\raknet\HTTPConnection2.h">
      <Filter>Source Files\raknet</Filter>
    </ClInclude>
    <ClInclude Include="..\..\src\contrib\raknet\IncrementalReadInterface.h">
      <Filter>Source Files\raknet</Filter>
    </ClInclude>
    <ClInclude Include="..\..\src\contrib\raknet\InternalPacket.h">
      <Filter>Source Files\raknet</Filter>
    </ClInclude>
    <ClInclude Include="..\..\src\contrib\raknet\Itoa.h">
      <Filter>Source Files\raknet</Filter>
    </ClInclude>
    <ClInclude Include="..\..\src\contrib\raknet\Kbhit.h">
      <Filter>Source Files\raknet</Filter>
    </ClInclude>
    <ClInclude Include="..\..\src\contrib\raknet\LinuxStrings.h">
      <Filter>Source Files\raknet</Filter>
    </ClInclude>
    <ClInclude Include="..\..\src\contrib\raknet\LocklessTypes.h">
      <Filter>Source Files\raknet</Filter>
    </ClInclude>
    <ClInclude Include="..\..\src\contrib\raknet\LogCommandParser.h">
      <Filter>Source Files\raknet</Filter>
    </ClInclude>
    <ClInclude Include="..\..\src\contrib\raknet\MessageFilter.h">
      <Filter>Source Files\raknet</Filter>
    </ClInclude>
    <ClInclude Include="..\..\src\contrib\raknet\MessageIdentifiers.h">
      <Filter>Source Files\raknet</Filter>
    </ClInclude>
    <ClInclude Include="..\..\src\contrib\raknet\MTUSize.h">
      <Filter>Source Files\raknet</Filter>
    </ClInclude>
    <ClInclude Include="..\..\src\contrib\raknet\NativeFeatureIncludes.h">
      <Filter>Source Files\raknet</Filter>
    </ClInclude>
    <ClInclude Include="..\..\src\contrib\raknet\NativeFeatureIncludesOverrides.h">
      <Filter>Source Files\raknet</Filter>
    </ClInclude>
    <ClInclude Include="..\..\src\contrib\raknet\NativeTypes.h">
      <Filter>Source Files\raknet</Filter>
    </ClInclude>
    <ClInclude Include="..\..\src\contrib\raknet\NatPunchthroughClient.h">
      <Filter>Source Files\raknet</Filter>
    </ClInclude>
    <ClInclude Include="..\..\src\contrib\raknet\NatPunchthroughServer.h">
      <Filter>Source Files\raknet</Filter>
    </ClInclude>
    <ClInclude Include="..\..\src\contrib\raknet\NatTypeDetectionClient.h">
      <Filter>Source Files\raknet</Filter>
    </ClInclude>
    <ClInclude Include="..\..\src\contrib\raknet\NatTypeDetectionCommon.h">
      <Filter>Source Files\raknet</Filter>
    </ClInclude>
    <ClInclude Include="..\..\src\contrib\raknet\NatTypeDetectionServer.h">
      <Filter>Source Files\raknet</Filter>
    </ClInclude>
    <ClInclude Include="..\..\src\contrib\raknet\NetworkIDManager.h">
      <Filter>Source Files\raknet</Filter>
    </ClInclude>
    <ClInclude Include="..\..\src\contrib\raknet\NetworkIDObject.h">
      <Filter>Source Files\raknet</Filter>
    </ClInclude>
    <ClInclude Include="..\..\src\contrib\raknet\PacketConsoleLogger.h">
      <Filter>Source Files\raknet</Filter>
    </ClInclude>
    <ClInclude Include="..\..\src\contrib\raknet\PacketFileLogger.h">
      <Filter>Source Files\raknet</Filter>
    </ClInclude>
    <ClInclude Include="..\..\src\contrib\raknet\PacketizedTCP.h">
      <Filter>Source Files\raknet</Filter>
    </ClInclude>
    <ClInclude Include="..\..\src\contrib\raknet\PacketLogger.h">
      <Filter>Source Files\raknet</Filter>
    </ClInclude>
    <ClInclude Include="..\..\src\contrib\raknet\PacketOutputWindowLogger.h">
      <Filter>Source Files\raknet</Filter>
    </ClInclude>
    <ClInclude Include="..\..\src\contrib\raknet\PacketPool.h">
      <Filter>Source Files\raknet</Filter>
    </ClInclude>
    <ClInclude Include="..\..\src\contrib\raknet\PacketPriority.h">
      <Filter>Source Files\raknet</Filter>
    </ClInclude>
    <ClInclude Include="..\..\src\contrib\raknet\PluginInterface2.h">
      <Filter>Source Files\raknet</Filter>
    </ClInclude>
    <ClInclude Include="..\..\src\contrib\raknet\PS3Includes.h">
      <Filter>Source Files\raknet</Filter>
    </ClInclude>
    <ClInclude Include="..\..\src\contrib\raknet\PS4Includes.h">
      <Filter>Source Files\raknet</Filter>
    </ClInclude>
    <ClInclude Include="..\..\src\contrib\raknet\Rackspace.h">
      <Filter>Source Files\raknet</Filter>
    </ClInclude>
    <ClInclude Include="..\..\src\contrib\raknet\RakAlloca.h">
      <Filter>Source Files\raknet</Filter>
    </ClInclude>
    <ClInclude Include="..\..\src\contrib\raknet\RakAssert.h">
      <Filter>Source Files\raknet</Filter>
    </ClInclude>
    <ClInclude Include="..\..\src\contrib\raknet\RakMemoryOverride.h">
      <Filter>Source Files\raknet</Filter>
    </ClInclude>
    <ClInclude Include="..\..\src\contrib\raknet\RakNetCommandParser.h">
      <Filter>Source Files\raknet</Filter>
    </ClInclude>
    <ClInclude Include="..\..\src\contrib\raknet\RakNetDefines.h">
      <Filter>Source Files\raknet</Filter>
    </ClInclude>
    <ClInclude Include="..\..\src\contrib\raknet\RakNetDefinesOverrides.h">
      <Filter>Source Files\raknet</Filter>
    </ClInclude>
    <ClInclude Include="..\..\src\contrib\raknet\RakNetSmartPtr.h">
      <Filter>Source Files\raknet</Filter>
    </ClInclude>
    <ClInclude Include="..\..\src\contrib\raknet\RakNetSocket.h">
      <Filter>Source Files\raknet</Filter>
    </ClInclude>
    <ClInclude Include="..\..\src\contrib\raknet\RakNetSocket2.h">
      <Filter>Source Files\raknet</Filter>
    </ClInclude>
    <ClInclude Include="..\..\src\contrib\raknet\RakNetStatistics.h">
      <Filter>Source Files\raknet</Filter>
    </ClInclude>
    <ClInclude Include="..\..\src\contrib\raknet\RakNetTime.h">
      <Filter>Source Files\raknet</Filter>
    </ClInclude>
    <ClInclude Include="..\..\src\contrib\raknet\RakNetTransport2.h">
      <Filter>Source Files\raknet</Filter>
    </ClInclude>
    <ClInclude Include="..\..\src\contrib\raknet\RakNetTypes.h">
      <Filter>Source Files\raknet</Filter>
    </ClInclude>
    <ClInclude Include="..\..\src\contrib\raknet\RakNetVersion.h">
      <Filter>Source Files\raknet</Filter>
    </ClInclude>
    <ClInclude Include="..\..\src\contrib\raknet\RakPeer.h">
      <Filter>Source Files\raknet</Filter>
    </ClInclude>
    <ClInclude Include="..\..\src\contrib\raknet\RakPeerInterface.h">
      <Filter>Source Files\raknet</Filter>
    </ClInclude>
    <ClInclude Include="..\..\src\contrib\raknet\RakSleep.h">
      <Filter>Source Files\raknet</Filter>
    </ClInclude>
    <ClInclude Include="..\..\src\contrib\raknet\RakString.h">
      <Filter>Source Files\raknet</Filter>
    </ClInclude>
    <ClInclude Include="..\..\src\contrib\raknet\RakThread.h">
      <Filter>Source Files\raknet</Filter>
    </ClInclude>
    <ClInclude Include="..\..\src\contrib\raknet\RakWString.h">
      <Filter>Source Files\raknet</Filter>
    </ClInclude>
    <ClInclude Include="..\..\src\contrib\raknet\Rand.h">
      <Filter>Source Files\raknet</Filter>
    </ClInclude>
    <ClInclude Include="..\..\src\contrib\raknet\RandSync.h">
      <Filter>Source Files\raknet</Filter>
    </ClInclude>
    <ClInclude Include="..\..\src\contrib\raknet\ReadyEvent.h">
      <Filter>Source Files\raknet</Filter>
    </ClInclude>
    <ClInclude Include="..\..\src\contrib\raknet\RefCountedObj.h">
      <Filter>Source Files\raknet</Filter>
    </ClInclude>
    <ClInclude Include="..\..\src\contrib\raknet\RelayPlugin.h">
      <Filter>Source Files\raknet</Filter>
    </ClInclude>
    <ClInclude Include="..\..\src\contrib\raknet\ReliabilityLayer.h">
      <Filter>Source Files\raknet</Filter>
    </ClInclude>
    <ClInclude Include="..\..\src\contrib\raknet\ReplicaEnums.h">
      <Filter>Source Files\raknet</Filter>
    </ClInclude>
    <ClInclude Include="..\..\src\contrib\raknet\ReplicaManager3.h">
      <Filter>Source Files\raknet</Filter>
    </ClInclude>
    <ClInclude Include="..\..\src\contrib\raknet\Router2.h">
      <Filter>Source Files\raknet</Filter>
    </ClInclude>
    <ClInclude Include="..\..\src\contrib\raknet\RPC4Plugin.h">
      <Filter>Source Files\raknet</Filter>
    </ClInclude>
    <ClInclude Include="..\..\src\contrib\raknet\SecureHandshake.h">
      <Filter>Source Files\raknet</Filter>
    </ClInclude>
    <ClInclude Include="..\..\src\contrib\raknet\SendToThread.h">
      <Filter>Source Files\raknet</Filter>
    </ClInclude>
    <ClInclude Include="..\..\src\contrib\raknet\SignaledEvent.h">
      <Filter>Source Files\raknet</Filter>
    </ClInclude>
    <ClInclude Include="..\..\src\contrib\raknet\SimpleMutex.h">
      <Filter>Source Files\raknet</Filter>
    </ClInclude>
    <ClInclude Include="..\..\src\contrib\raknet\SimpleTCPServer.h">
      <Filter>Source Files\raknet</Filter>
    </ClInclude>
    <ClInclude Include="..\..\src\contrib\raknet\SingleProducerConsumer.h">
      <Filter>Source Files\raknet</Filter>
    </ClInclude>
    <ClInclude Include="..\..\src\contrib\raknet\SocketDefines.h">
      <Filter>Source Files\raknet</Filter>
    </ClInclude>
    <ClInclude Include="..\..\src\contrib\raknet\SocketIncludes.h">
      <Filter>Source Files\raknet</Filter>
    </ClInclude>
    <ClInclude Include="..\..\src\contrib\raknet\SocketLayer.h">
      <Filter>Source Files\raknet</Filter>
    </ClInclude>
    <ClInclude Include="..\..\src\contrib\raknet\StatisticsHistory.h">
      <Filter>Source Files\raknet</Filter>
    </ClInclude>
    <ClInclude Include="..\..\src\contrib\raknet\StringCompressor.h">
      <Filter>Source Files\raknet</Filter>
    </ClInclude>
    <ClInclude Include="..\..\src\contrib\raknet\StringTable.h">
      <Filter>Source Files\raknet</Filter>
    </ClInclude>
    <ClInclude Include="..\..\src\contrib\raknet\SuperFastHash.h">
      <Filter>Source Files\raknet</Filter>
    </ClInclude>
    <ClInclude Include="..\..\src\contrib\raknet\TableSerializer.h">
      <Filter>Source Files\raknet</Filter>
    </ClInclude>
    <ClInclude Include="..\..\src\contrib\raknet\TCPInterface.h">
      <Filter>Source Files\raknet</Filter>
    </ClInclude>
    <ClInclude Include="..\..\src\contrib\raknet\TeamBalancer.h">
      <Filter>Source Files\raknet</Filter>
    </ClInclude>
    <ClInclude Include="..\..\src\contrib\raknet\TeamManager.h">
      <Filter>Source Files\raknet</Filter>
    </ClInclude>
    <ClInclude Include="..\..\src\contrib\raknet\TelnetTransport.h">
      <Filter>Source Files\raknet</Filter>
    </ClInclude>
    <ClInclude Include="..\..\src\contrib\raknet\ThreadPool.h">
      <Filter>Source Files\raknet</Filter>
    </ClInclude>
    <ClInclude Include="..\..\src\contrib\raknet\ThreadsafePacketLogger.h">
      <Filter>Source Files\raknet</Filter>
    </ClInclude>
    <ClInclude Include="..\..\src\contrib\raknet\TransportInterface.h">
      <Filter>Source Files\raknet</Filter>
    </ClInclude>
    <ClInclude Include="..\..\src\contrib\raknet\TwoWayAuthentication.h">
      <Filter>Source Files\raknet</Filter>
    </ClInclude>
    <ClInclude Include="..\..\src\contrib\raknet\UDPForwarder.h">
      <Filter>Source Files\raknet</Filter>
    </ClInclude>
    <ClInclude Include="..\..\src\contrib\raknet\UDPProxyClient.h">
      <Filter>Source Files\raknet</Filter>
    </ClInclude>
    <ClInclude Include="..\..\src\contrib\raknet\UDPProxyCommon.h">
      <Filter>Source Files\raknet</Filter>
    </ClInclude>
    <ClInclude Include="..\..\src\contrib\raknet\UDPProxyCoordinator.h">
      <Filter>Source Files\raknet</Filter>
    </ClInclude>
    <ClInclude Include="..\..\src\contrib\raknet\UDPProxyServer.h">
      <Filter>Source Files\raknet</Filter>
    </ClInclude>
    <ClInclude Include="..\..\src\contrib\raknet\VariableDeltaSerializer.h">
      <Filter>Source Files\raknet</Filter>
    </ClInclude>
    <ClInclude Include="..\..\src\contrib\raknet\VariableListDeltaTracker.h">
      <Filter>Source Files\raknet</Filter>
    </ClInclude>
    <ClInclude Include="..\..\src\contrib\raknet\VariadicSQLParser.h">
      <Filter>Source Files\raknet</Filter>
    </ClInclude>
    <ClInclude Include="..\..\src\contrib\raknet\VitaIncludes.h">
      <Filter>Source Files\raknet</Filter>
    </ClInclude>
    <ClInclude Include="..\..\src\contrib\raknet\WindowsIncludes.h">
      <Filter>Source Files\raknet</Filter>
    </ClInclude>
    <ClInclude Include="..\..\src\contrib\raknet\WSAStartupSingleton.h">
      <Filter>Source Files\raknet</Filter>
    </ClInclude>
    <ClInclude Include="..\..\src\contrib\raknet\XBox360Includes.h">
      <Filter>Source Files\raknet</Filter>
    </ClInclude>
    <ClInclude Include="..\..\src\contrib\rapidjson\document.h">
      <Filter>Source Files\rapidjson</Filter>
    </ClInclude>
    <ClInclude Include="..\..\src\contrib\rapidjson\filestream.h">
      <Filter>Source Files\rapidjson</Filter>
    </ClInclude>
    <ClInclude Include="..\..\src\contrib\rapidjson\prettywriter.h">
      <Filter>Source Files\rapidjson</Filter>
    </ClInclude>
    <ClInclude Include="..\..\src\contrib\rapidjson\rapidjson.h">
      <Filter>Source Files\rapidjson</Filter>
    </ClInclude>
    <ClInclude Include="..\..\src\contrib\rapidjson\reader.h">
      <Filter>Source Files\rapidjson</Filter>
    </ClInclude>
    <ClInclude Include="..\..\src\contrib\rapidjson\stringbuffer.h">
      <Filter>Source Files\rapidjson</Filter>
    </ClInclude>
    <ClInclude Include="..\..\src\contrib\rapidjson\writer.h">
      <Filter>Source Files\rapidjson</Filter>
    </ClInclude>
    <ClInclude Include="..\..\src\contrib\rapidjson\internal\pow10.h">
      <Filter>Source Files\rapidjson\internal</Filter>
    </ClInclude>
    <ClInclude Include="..\..\src\contrib\rapidjson\internal\stack.h">
      <Filter>Source Files\rapidjson\internal</Filter>
    </ClInclude>
    <ClInclude Include="..\..\src\contrib\rapidjson\internal\strfunc.h">
      <Filter>Source Files\rapidjson\internal</Filter>
    </ClInclude>
  </ItemGroup>
  <ItemGroup>
    <ClCompile Include="..\..\src\contrib\pugixml.cpp">
      <Filter>Source Files</Filter>
    </ClCompile>
    <ClCompile Include="..\..\src\contrib\raknet\_FindFirst.cpp">
      <Filter>Source Files\raknet</Filter>
    </ClCompile>
    <ClCompile Include="..\..\src\contrib\raknet\Base64Encoder.cpp">
      <Filter>Source Files\raknet</Filter>
    </ClCompile>
    <ClCompile Include="..\..\src\contrib\raknet\BitStream.cpp">
      <Filter>Source Files\raknet</Filter>
    </ClCompile>
    <ClCompile Include="..\..\src\contrib\raknet\CCRakNetSlidingWindow.cpp">
      <Filter>Source Files\raknet</Filter>
    </ClCompile>
    <ClCompile Include="..\..\src\contrib\raknet\CCRakNetUDT.cpp">
      <Filter>Source Files\raknet</Filter>
    </ClCompile>
    <ClCompile Include="..\..\src\contrib\raknet\CheckSum.cpp">
      <Filter>Source Files\raknet</Filter>
    </ClCompile>
    <ClCompile Include="..\..\src\contrib\raknet\CloudClient.cpp">
      <Filter>Source Files\raknet</Filter>
    </ClCompile>
    <ClCompile Include="..\..\src\contrib\raknet\CloudCommon.cpp">
      <Filter>Source Files\raknet</Filter>
    </ClCompile>
    <ClCompile Include="..\..\src\contrib\raknet\CloudServer.cpp">
      <Filter>Source Files\raknet</Filter>
    </ClCompile>
    <ClCompile Include="..\..\src\contrib\raknet\CommandParserInterface.cpp">
      <Filter>Source Files\raknet</Filter>
    </ClCompile>
    <ClCompile Include="..\..\src\contrib\raknet\ConnectionGraph2.cpp">
      <Filter>Source Files\raknet</Filter>
    </ClCompile>
    <ClCompile Include="..\..\src\contrib\raknet\ConsoleServer.cpp">
      <Filter>Source Files\raknet</Filter>
    </ClCompile>
    <ClCompile Include="..\..\src\contrib\raknet\DataCompressor.cpp">
      <Filter>Source Files\raknet</Filter>
    </ClCompile>
    <ClCompile Include="..\..\src\contrib\raknet\DirectoryDeltaTransfer.cpp">
      <Filter>Source Files\raknet</Filter>
    </ClCompile>
    <ClCompile Include="..\..\src\contrib\raknet\DR_SHA1.cpp">
      <Filter>Source Files\raknet</Filter>
    </ClCompile>
    <ClCompile Include="..\..\src\contrib\raknet\DS_BytePool.cpp">
      <Filter>Source Files\raknet</Filter>
    </ClCompile>
    <ClCompile Include="..\..\src\contrib\raknet\DS_ByteQueue.cpp">
      <Filter>Source Files\raknet</Filter>
    </ClCompile>
    <ClCompile Include="..\..\src\contrib\raknet\DS_HuffmanEncodingTree.cpp">
      <Filter>Source Files\raknet</Filter>
    </ClCompile>
    <ClCompile Include="..\..\src\contrib\raknet\DS_Table.cpp">
      <Filter>Source Files\raknet</Filter>
    </ClCompile>
    <ClCompile Include="..\..\src\contrib\raknet\DynDNS.cpp">
      <Filter>Source Files\raknet</Filter>
    </ClCompile>
    <ClCompile Include="..\..\src\contrib\raknet\EmailSender.cpp">
      <Filter>Source Files\raknet</Filter>
    </ClCompile>
    <ClCompile Include="..\..\src\contrib\raknet\EpochTimeToString.cpp">
      <Filter>Source Files\raknet</Filter>
    </ClCompile>
    <ClCompile Include="..\..\src\contrib\raknet\FileList.cpp">
      <Filter>Source Files\raknet</Filter>
    </ClCompile>
    <ClCompile Include="..\..\src\contrib\raknet\FileListTransfer.cpp">
      <Filter>Source Files\raknet</Filter>
    </ClCompile>
    <ClCompile Include="..\..\src\contrib\raknet\FileOperations.cpp">
      <Filter>Source Files\raknet</Filter>
    </ClCompile>
    <ClCompile Include="..\..\src\contrib\raknet\FormatString.cpp">
      <Filter>Source Files\raknet</Filter>
    </ClCompile>
    <ClCompile Include="..\..\src\contrib\raknet\FullyConnectedMesh2.cpp">
      <Filter>Source Files\raknet</Filter>
    </ClCompile>
    <ClCompile Include="..\..\src\contrib\raknet\Getche.cpp">
      <Filter>Source Files\raknet</Filter>
    </ClCompile>
    <ClCompile Include="..\..\src\contrib\raknet\Gets.cpp">
      <Filter>Source Files\raknet</Filter>
    </ClCompile>
    <ClCompile Include="..\..\src\contrib\raknet\GetTime.cpp">
      <Filter>Source Files\raknet</Filter>
    </ClCompile>
    <ClCompile Include="..\..\src\contrib\raknet\gettimeofday.cpp">
      <Filter>Source Files\raknet</Filter>
    </ClCompile>
    <ClCompile Include="..\..\src\contrib\raknet\GridSectorizer.cpp">
      <Filter>Source Files\raknet</Filter>
    </ClCompile>
    <ClCompile Include="..\..\src\contrib\raknet\HTTPConnection.cpp">
      <Filter>Source Files\raknet</Filter>
    </ClCompile>
    <ClCompile Include="..\..\src\contrib\raknet\HTTPConnection2.cpp">
      <Filter>Source Files\raknet</Filter>
    </ClCompile>
    <ClCompile Include="..\..\src\contrib\raknet\IncrementalReadInterface.cpp">
      <Filter>Source Files\raknet</Filter>
    </ClCompile>
    <ClCompile Include="..\..\src\contrib\raknet\Itoa.cpp">
      <Filter>Source Files\raknet</Filter>
    </ClCompile>
    <ClCompile Include="..\..\src\contrib\raknet\LinuxStrings.cpp">
      <Filter>Source Files\raknet</Filter>
    </ClCompile>
    <ClCompile Include="..\..\src\contrib\raknet\LocklessTypes.cpp">
      <Filter>Source Files\raknet</Filter>
    </ClCompile>
    <ClCompile Include="..\..\src\contrib\raknet\LogCommandParser.cpp">
      <Filter>Source Files\raknet</Filter>
    </ClCompile>
    <ClCompile Include="..\..\src\contrib\raknet\MessageFilter.cpp">
      <Filter>Source Files\raknet</Filter>
    </ClCompile>
    <ClCompile Include="..\..\src\contrib\raknet\NatPunchthroughClient.cpp">
      <Filter>Source Files\raknet</Filter>
    </ClCompile>
    <ClCompile Include="..\..\src\contrib\raknet\NatPunchthroughServer.cpp">
      <Filter>Source Files\raknet</Filter>
    </ClCompile>
    <ClCompile Include="..\..\src\contrib\raknet\NatTypeDetectionClient.cpp">
      <Filter>Source Files\raknet</Filter>
    </ClCompile>
    <ClCompile Include="..\..\src\contrib\raknet\NatTypeDetectionCommon.cpp">
      <Filter>Source Files\raknet</Filter>
    </ClCompile>
    <ClCompile Include="..\..\src\contrib\raknet\NatTypeDetectionServer.cpp">
      <Filter>Source Files\raknet</Filter>
    </ClCompile>
    <ClCompile Include="..\..\src\contrib\raknet\NetworkIDManager.cpp">
      <Filter>Source Files\raknet</Filter>
    </ClCompile>
    <ClCompile Include="..\..\src\contrib\raknet\NetworkIDObject.cpp">
      <Filter>Source Files\raknet</Filter>
    </ClCompile>
    <ClCompile Include="..\..\src\contrib\raknet\PacketConsoleLogger.cpp">
      <Filter>Source Files\raknet</Filter>
    </ClCompile>
    <ClCompile Include="..\..\src\contrib\raknet\PacketFileLogger.cpp">
      <Filter>Source Files\raknet</Filter>
    </ClCompile>
    <ClCompile Include="..\..\src\contrib\raknet\PacketizedTCP.cpp">
      <Filter>Source Files\raknet</Filter>
    </ClCompile>
    <ClCompile Include="..\..\src\contrib\raknet\PacketLogger.cpp">
      <Filter>Source Files\raknet</Filter>
    </ClCompile>
    <ClCompile Include="..\..\src\contrib\raknet\PacketOutputWindowLogger.cpp">
      <Filter>Source Files\raknet</Filter>
    </ClCompile>
    <ClCompile Include="..\..\src\contrib\raknet\PluginInterface2.cpp">
      <Filter>Source Files\raknet</Filter>
    </ClCompile>
    <ClCompile Include="..\..\src\contrib\raknet\PS4Includes.cpp">
      <Filter>Source Files\raknet</Filter>
    </ClCompile>
    <ClCompile Include="..\..\src\contrib\raknet\Rackspace.cpp">
      <Filter>Source Files\raknet</Filter>
    </ClCompile>
    <ClCompile Include="..\..\src\contrib\raknet\RakMemoryOverride.cpp">
      <Filter>Source Files\raknet</Filter>
    </ClCompile>
    <ClCompile Include="..\..\src\contrib\raknet\RakNetCommandParser.cpp">
      <Filter>Source Files\raknet</Filter>
    </ClCompile>
    <ClCompile Include="..\..\src\contrib\raknet\RakNetSocket.cpp">
      <Filter>Source Files\raknet</Filter>
    </ClCompile>
    <ClCompile Include="..\..\src\contrib\raknet\RakNetSocket2.cpp">
      <Filter>Source Files\raknet</Filter>
    </ClCompile>
    <ClCompile Include="..\..\src\contrib\raknet\RakNetSocket2_360_720.cpp">
      <Filter>Source Files\raknet</Filter>
    </ClCompile>
    <ClCompile Include="..\..\src\contrib\raknet\RakNetSocket2_Berkley.cpp">
      <Filter>Source Files\raknet</Filter>
    </ClCompile>
    <ClCompile Include="..\..\src\contrib\raknet\RakNetSocket2_Berkley_NativeClient.cpp">
      <Filter>Source Files\raknet</Filter>
    </ClCompile>
    <ClCompile Include="..\..\src\contrib\raknet\RakNetSocket2_NativeClient.cpp">
      <Filter>Source Files\raknet</Filter>
    </ClCompile>
    <ClCompile Include="..\..\src\contrib\raknet\RakNetSocket2_PS3_PS4.cpp">
      <Filter>Source Files\raknet</Filter>
    </ClCompile>
    <ClCompile Include="..\..\src\contrib\raknet\RakNetSocket2_PS4.cpp">
      <Filter>Source Files\raknet</Filter>
    </ClCompile>
    <ClCompile Include="..\..\src\contrib\raknet\RakNetSocket2_Vita.cpp">
      <Filter>Source Files\raknet</Filter>
    </ClCompile>
    <ClCompile Include="..\..\src\contrib\raknet\RakNetSocket2_Windows_Linux.cpp">
      <Filter>Source Files\raknet</Filter>
    </ClCompile>
    <ClCompile Include="..\..\src\contrib\raknet\RakNetSocket2_Windows_Linux_360.cpp">
      <Filter>Source Files\raknet</Filter>
    </ClCompile>
    <ClCompile Include="..\..\src\contrib\raknet\RakNetSocket2_WindowsStore8.cpp">
      <Filter>Source Files\raknet</Filter>
    </ClCompile>
    <ClCompile Include="..\..\src\contrib\raknet\RakNetStatistics.cpp">
      <Filter>Source Files\raknet</Filter>
    </ClCompile>
    <ClCompile Include="..\..\src\contrib\raknet\RakNetTransport2.cpp">
      <Filter>Source Files\raknet</Filter>
    </ClCompile>
    <ClCompile Include="..\..\src\contrib\raknet\RakNetTypes.cpp">
      <Filter>Source Files\raknet</Filter>
    </ClCompile>
    <ClCompile Include="..\..\src\contrib\raknet\RakPeer.cpp">
      <Filter>Source Files\raknet</Filter>
    </ClCompile>
    <ClCompile Include="..\..\src\contrib\raknet\RakSleep.cpp">
      <Filter>Source Files\raknet</Filter>
    </ClCompile>
    <ClCompile Include="..\..\src\contrib\raknet\RakString.cpp">
      <Filter>Source Files\raknet</Filter>
    </ClCompile>
    <ClCompile Include="..\..\src\contrib\raknet\RakThread.cpp">
      <Filter>Source Files\raknet</Filter>
    </ClCompile>
    <ClCompile Include="..\..\src\contrib\raknet\RakWString.cpp">
      <Filter>Source Files\raknet</Filter>
    </ClCompile>
    <ClCompile Include="..\..\src\contrib\raknet\Rand.cpp">
      <Filter>Source Files\raknet</Filter>
    </ClCompile>
    <ClCompile Include="..\..\src\contrib\raknet\RandSync.cpp">
      <Filter>Source Files\raknet</Filter>
    </ClCompile>
    <ClCompile Include="..\..\src\contrib\raknet\ReadyEvent.cpp">
      <Filter>Source Files\raknet</Filter>
    </ClCompile>
    <ClCompile Include="..\..\src\contrib\raknet\RelayPlugin.cpp">
      <Filter>Source Files\raknet</Filter>
    </ClCompile>
    <ClCompile Include="..\..\src\contrib\raknet\ReliabilityLayer.cpp">
      <Filter>Source Files\raknet</Filter>
    </ClCompile>
    <ClCompile Include="..\..\src\contrib\raknet\ReplicaManager3.cpp">
      <Filter>Source Files\raknet</Filter>
    </ClCompile>
    <ClCompile Include="..\..\src\contrib\raknet\Router2.cpp">
      <Filter>Source Files\raknet</Filter>
    </ClCompile>
    <ClCompile Include="..\..\src\contrib\raknet\RPC4Plugin.cpp">
      <Filter>Source Files\raknet</Filter>
    </ClCompile>
    <ClCompile Include="..\..\src\contrib\raknet\SecureHandshake.cpp">
      <Filter>Source Files\raknet</Filter>
    </ClCompile>
    <ClCompile Include="..\..\src\contrib\raknet\SendToThread.cpp">
      <Filter>Source Files\raknet</Filter>
    </ClCompile>
    <ClCompile Include="..\..\src\contrib\raknet\SignaledEvent.cpp">
      <Filter>Source Files\raknet</Filter>
    </ClCompile>
    <ClCompile Include="..\..\src\contrib\raknet\SimpleMutex.cpp">
      <Filter>Source Files\raknet</Filter>
    </ClCompile>
    <ClCompile Include="..\..\src\contrib\raknet\SocketLayer.cpp">
      <Filter>Source Files\raknet</Filter>
    </ClCompile>
    <ClCompile Include="..\..\src\contrib\raknet\StatisticsHistory.cpp">
      <Filter>Source Files\raknet</Filter>
    </ClCompile>
    <ClCompile Include="..\..\src\contrib\raknet\StringCompressor.cpp">
      <Filter>Source Files\raknet</Filter>
    </ClCompile>
    <ClCompile Include="..\..\src\contrib\raknet\StringTable.cpp">
      <Filter>Source Files\raknet</Filter>
    </ClCompile>
    <ClCompile Include="..\..\src\contrib\raknet\SuperFastHash.cpp">
      <Filter>Source Files\raknet</Filter>
    </ClCompile>
    <ClCompile Include="..\..\src\contrib\raknet\TableSerializer.cpp">
      <Filter>Source Files\raknet</Filter>
    </ClCompile>
    <ClCompile Include="..\..\src\contrib\raknet\TCPInterface.cpp">
      <Filter>Source Files\raknet</Filter>
    </ClCompile>
    <ClCompile Include="..\..\src\contrib\raknet\TeamBalancer.cpp">
      <Filter>Source Files\raknet</Filter>
    </ClCompile>
    <ClCompile Include="..\..\src\contrib\raknet\TeamManager.cpp">
      <Filter>Source Files\raknet</Filter>
    </ClCompile>
    <ClCompile Include="..\..\src\contrib\raknet\TelnetTransport.cpp">
      <Filter>Source Files\raknet</Filter>
    </ClCompile>
    <ClCompile Include="..\..\src\contrib\raknet\ThreadsafePacketLogger.cpp">
      <Filter>Source Files\raknet</Filter>
    </ClCompile>
    <ClCompile Include="..\..\src\contrib\raknet\TwoWayAuthentication.cpp">
      <Filter>Source Files\raknet</Filter>
    </ClCompile>
    <ClCompile Include="..\..\src\contrib\raknet\UDPForwarder.cpp">
      <Filter>Source Files\raknet</Filter>
    </ClCompile>
    <ClCompile Include="..\..\src\contrib\raknet\UDPProxyClient.cpp">
      <Filter>Source Files\raknet</Filter>
    </ClCompile>
    <ClCompile Include="..\..\src\contrib\raknet\UDPProxyCoordinator.cpp">
      <Filter>Source Files\raknet</Filter>
    </ClCompile>
    <ClCompile Include="..\..\src\contrib\raknet\UDPProxyServer.cpp">
      <Filter>Source Files\raknet</Filter>
    </ClCompile>
    <ClCompile Include="..\..\src\contrib\raknet\VariableDeltaSerializer.cpp">
      <Filter>Source Files\raknet</Filter>
    </ClCompile>
    <ClCompile Include="..\..\src\contrib\raknet\VariableListDeltaTracker.cpp">
      <Filter>Source Files\raknet</Filter>
    </ClCompile>
    <ClCompile Include="..\..\src\contrib\raknet\VariadicSQLParser.cpp">
      <Filter>Source Files\raknet</Filter>
    </ClCompile>
    <ClCompile Include="..\..\src\contrib\raknet\VitaIncludes.cpp">
      <Filter>Source Files\raknet</Filter>
    </ClCompile>
    <ClCompile Include="..\..\src\contrib\raknet\WSAStartupSingleton.cpp">
      <Filter>Source Files\raknet</Filter>
    </ClCompile>
    <ClCompile Include="..\..\src\contrib\crypto\3way.cpp">
      <Filter>Source Files\crypto</Filter>
    </ClCompile>
    <ClCompile Include="..\..\src\contrib\crypto\adler32.cpp">
      <Filter>Source Files\crypto</Filter>
    </ClCompile>
    <ClCompile Include="..\..\src\contrib\crypto\algebra.cpp">
      <Filter>Source Files\crypto</Filter>
    </ClCompile>
    <ClCompile Include="..\..\src\contrib\crypto\algparam.cpp">
      <Filter>Source Files\crypto</Filter>
    </ClCompile>
    <ClCompile Include="..\..\src\contrib\crypto\arc4.cpp">
      <Filter>Source Files\crypto</Filter>
    </ClCompile>
    <ClCompile Include="..\..\src\contrib\crypto\asn.cpp">
      <Filter>Source Files\crypto</Filter>
    </ClCompile>
    <ClCompile Include="..\..\src\contrib\crypto\authenc.cpp">
      <Filter>Source Files\crypto</Filter>
    </ClCompile>
    <ClCompile Include="..\..\src\contrib\crypto\base32.cpp">
      <Filter>Source Files\crypto</Filter>
    </ClCompile>
    <ClCompile Include="..\..\src\contrib\crypto\base64.cpp">
      <Filter>Source Files\crypto</Filter>
    </ClCompile>
    <ClCompile Include="..\..\src\contrib\crypto\basecode.cpp">
      <Filter>Source Files\crypto</Filter>
    </ClCompile>
    <ClCompile Include="..\..\src\contrib\crypto\bfinit.cpp">
      <Filter>Source Files\crypto</Filter>
    </ClCompile>
    <ClCompile Include="..\..\src\contrib\crypto\blowfish.cpp">
      <Filter>Source Files\crypto</Filter>
    </ClCompile>
    <ClCompile Include="..\..\src\contrib\crypto\blumshub.cpp">
      <Filter>Source Files\crypto</Filter>
    </ClCompile>
    <ClCompile Include="..\..\src\contrib\crypto\camellia.cpp">
      <Filter>Source Files\crypto</Filter>
    </ClCompile>
    <ClCompile Include="..\..\src\contrib\crypto\cast.cpp">
      <Filter>Source Files\crypto</Filter>
    </ClCompile>
    <ClCompile Include="..\..\src\contrib\crypto\casts.cpp">
      <Filter>Source Files\crypto</Filter>
    </ClCompile>
    <ClCompile Include="..\..\src\contrib\crypto\cbcmac.cpp">
      <Filter>Source Files\crypto</Filter>
    </ClCompile>
    <ClCompile Include="..\..\src\contrib\crypto\ccm.cpp">
      <Filter>Source Files\crypto</Filter>
    </ClCompile>
    <ClCompile Include="..\..\src\contrib\crypto\channels.cpp">
      <Filter>Source Files\crypto</Filter>
    </ClCompile>
    <ClCompile Include="..\..\src\contrib\crypto\cmac.cpp">
      <Filter>Source Files\crypto</Filter>
    </ClCompile>
    <ClCompile Include="..\..\src\contrib\crypto\cpu.cpp">
      <Filter>Source Files\crypto</Filter>
    </ClCompile>
    <ClCompile Include="..\..\src\contrib\crypto\crc.cpp">
      <Filter>Source Files\crypto</Filter>
    </ClCompile>
    <ClCompile Include="..\..\src\contrib\crypto\cryptlib.cpp">
      <Filter>Source Files\crypto</Filter>
    </ClCompile>
    <ClCompile Include="..\..\src\contrib\crypto\cryptlib_bds.cpp">
      <Filter>Source Files\crypto</Filter>
    </ClCompile>
    <ClCompile Include="..\..\src\contrib\crypto\default.cpp">
      <Filter>Source Files\crypto</Filter>
    </ClCompile>
    <ClCompile Include="..\..\src\contrib\crypto\des.cpp">
      <Filter>Source Files\crypto</Filter>
    </ClCompile>
    <ClCompile Include="..\..\src\contrib\crypto\dessp.cpp">
      <Filter>Source Files\crypto</Filter>
    </ClCompile>
    <ClCompile Include="..\..\src\contrib\crypto\dh.cpp">
      <Filter>Source Files\crypto</Filter>
    </ClCompile>
    <ClCompile Include="..\..\src\contrib\crypto\dh2.cpp">
      <Filter>Source Files\crypto</Filter>
    </ClCompile>
    <ClCompile Include="..\..\src\contrib\crypto\dll.cpp">
      <Filter>Source Files\crypto</Filter>
    </ClCompile>
    <ClCompile Include="..\..\src\contrib\crypto\dsa.cpp">
      <Filter>Source Files\crypto</Filter>
    </ClCompile>
    <ClCompile Include="..\..\src\contrib\crypto\eax.cpp">
      <Filter>Source Files\crypto</Filter>
    </ClCompile>
    <ClCompile Include="..\..\src\contrib\crypto\ec2n.cpp">
      <Filter>Source Files\crypto</Filter>
    </ClCompile>
    <ClCompile Include="..\..\src\contrib\crypto\eccrypto.cpp">
      <Filter>Source Files\crypto</Filter>
    </ClCompile>
    <ClCompile Include="..\..\src\contrib\crypto\ecp.cpp">
      <Filter>Source Files\crypto</Filter>
    </ClCompile>
    <ClCompile Include="..\..\src\contrib\crypto\elgamal.cpp">
      <Filter>Source Files\crypto</Filter>
    </ClCompile>
    <ClCompile Include="..\..\src\contrib\crypto\emsa2.cpp">
      <Filter>Source Files\crypto</Filter>
    </ClCompile>
    <ClCompile Include="..\..\src\contrib\crypto\eprecomp.cpp">
      <Filter>Source Files\crypto</Filter>
    </ClCompile>
    <ClCompile Include="..\..\src\contrib\crypto\esign.cpp">
      <Filter>Source Files\crypto</Filter>
    </ClCompile>
    <ClCompile Include="..\..\src\contrib\crypto\files.cpp">
      <Filter>Source Files\crypto</Filter>
    </ClCompile>
    <ClCompile Include="..\..\src\contrib\crypto\filters.cpp">
      <Filter>Source Files\crypto</Filter>
    </ClCompile>
    <ClCompile Include="..\..\src\contrib\crypto\fips140.cpp">
      <Filter>Source Files\crypto</Filter>
    </ClCompile>
    <ClCompile Include="..\..\src\contrib\crypto\fipstest.cpp">
      <Filter>Source Files\crypto</Filter>
    </ClCompile>
    <ClCompile Include="..\..\src\contrib\crypto\gcm.cpp">
      <Filter>Source Files\crypto</Filter>
    </ClCompile>
    <ClCompile Include="..\..\src\contrib\crypto\gf2_32.cpp">
      <Filter>Source Files\crypto</Filter>
    </ClCompile>
    <ClCompile Include="..\..\src\contrib\crypto\gf2n.cpp">
      <Filter>Source Files\crypto</Filter>
    </ClCompile>
    <ClCompile Include="..\..\src\contrib\crypto\gf256.cpp">
      <Filter>Source Files\crypto</Filter>
    </ClCompile>
    <ClCompile Include="..\..\src\contrib\crypto\gfpcrypt.cpp">
      <Filter>Source Files\crypto</Filter>
    </ClCompile>
    <ClCompile Include="..\..\src\contrib\crypto\gost.cpp">
      <Filter>Source Files\crypto</Filter>
    </ClCompile>
    <ClCompile Include="..\..\src\contrib\crypto\gzip.cpp">
      <Filter>Source Files\crypto</Filter>
    </ClCompile>
    <ClCompile Include="..\..\src\contrib\crypto\hex.cpp">
      <Filter>Source Files\crypto</Filter>
    </ClCompile>
    <ClCompile Include="..\..\src\contrib\crypto\hmac.cpp">
      <Filter>Source Files\crypto</Filter>
    </ClCompile>
    <ClCompile Include="..\..\src\contrib\crypto\hrtimer.cpp">
      <Filter>Source Files\crypto</Filter>
    </ClCompile>
    <ClCompile Include="..\..\src\contrib\crypto\ida.cpp">
      <Filter>Source Files\crypto</Filter>
    </ClCompile>
    <ClCompile Include="..\..\src\contrib\crypto\idea.cpp">
      <Filter>Source Files\crypto</Filter>
    </ClCompile>
    <ClCompile Include="..\..\src\contrib\crypto\integer.cpp">
      <Filter>Source Files\crypto</Filter>
    </ClCompile>
    <ClCompile Include="..\..\src\contrib\crypto\iterhash.cpp">
      <Filter>Source Files\crypto</Filter>
    </ClCompile>
    <ClCompile Include="..\..\src\contrib\crypto\luc.cpp">
      <Filter>Source Files\crypto</Filter>
    </ClCompile>
    <ClCompile Include="..\..\src\contrib\crypto\mars.cpp">
      <Filter>Source Files\crypto</Filter>
    </ClCompile>
    <ClCompile Include="..\..\src\contrib\crypto\marss.cpp">
      <Filter>Source Files\crypto</Filter>
    </ClCompile>
    <ClCompile Include="..\..\src\contrib\crypto\md2.cpp">
      <Filter>Source Files\crypto</Filter>
    </ClCompile>
    <ClCompile Include="..\..\src\contrib\crypto\md4.cpp">
      <Filter>Source Files\crypto</Filter>
    </ClCompile>
    <ClCompile Include="..\..\src\contrib\crypto\md5.cpp">
      <Filter>Source Files\crypto</Filter>
    </ClCompile>
    <ClCompile Include="..\..\src\contrib\crypto\misc.cpp">
      <Filter>Source Files\crypto</Filter>
    </ClCompile>
    <ClCompile Include="..\..\src\contrib\crypto\modes.cpp">
      <Filter>Source Files\crypto</Filter>
    </ClCompile>
    <ClCompile Include="..\..\src\contrib\crypto\mqueue.cpp">
      <Filter>Source Files\crypto</Filter>
    </ClCompile>
    <ClCompile Include="..\..\src\contrib\crypto\mqv.cpp">
      <Filter>Source Files\crypto</Filter>
    </ClCompile>
    <ClCompile Include="..\..\src\contrib\crypto\nbtheory.cpp">
      <Filter>Source Files\crypto</Filter>
    </ClCompile>
    <ClCompile Include="..\..\src\contrib\crypto\network.cpp">
      <Filter>Source Files\crypto</Filter>
    </ClCompile>
    <ClCompile Include="..\..\src\contrib\crypto\oaep.cpp">
      <Filter>Source Files\crypto</Filter>
    </ClCompile>
    <ClCompile Include="..\..\src\contrib\crypto\osrng.cpp">
      <Filter>Source Files\crypto</Filter>
    </ClCompile>
    <ClCompile Include="..\..\src\contrib\crypto\panama.cpp">
      <Filter>Source Files\crypto</Filter>
    </ClCompile>
    <ClCompile Include="..\..\src\contrib\crypto\pch.cpp">
      <Filter>Source Files\crypto</Filter>
    </ClCompile>
    <ClCompile Include="..\..\src\contrib\crypto\pkcspad.cpp">
      <Filter>Source Files\crypto</Filter>
    </ClCompile>
    <ClCompile Include="..\..\src\contrib\crypto\polynomi.cpp">
      <Filter>Source Files\crypto</Filter>
    </ClCompile>
    <ClCompile Include="..\..\src\contrib\crypto\pssr.cpp">
      <Filter>Source Files\crypto</Filter>
    </ClCompile>
    <ClCompile Include="..\..\src\contrib\crypto\pubkey.cpp">
      <Filter>Source Files\crypto</Filter>
    </ClCompile>
    <ClCompile Include="..\..\src\contrib\crypto\queue.cpp">
      <Filter>Source Files\crypto</Filter>
    </ClCompile>
    <ClCompile Include="..\..\src\contrib\crypto\rabin.cpp">
      <Filter>Source Files\crypto</Filter>
    </ClCompile>
    <ClCompile Include="..\..\src\contrib\crypto\randpool.cpp">
      <Filter>Source Files\crypto</Filter>
    </ClCompile>
    <ClCompile Include="..\..\src\contrib\crypto\rc2.cpp">
      <Filter>Source Files\crypto</Filter>
    </ClCompile>
    <ClCompile Include="..\..\src\contrib\crypto\rc5.cpp">
      <Filter>Source Files\crypto</Filter>
    </ClCompile>
    <ClCompile Include="..\..\src\contrib\crypto\rc6.cpp">
      <Filter>Source Files\crypto</Filter>
    </ClCompile>
    <ClCompile Include="..\..\src\contrib\crypto\rdtables.cpp">
      <Filter>Source Files\crypto</Filter>
    </ClCompile>
    <ClCompile Include="..\..\src\contrib\crypto\rijndael.cpp">
      <Filter>Source Files\crypto</Filter>
    </ClCompile>
    <ClCompile Include="..\..\src\contrib\crypto\ripemd.cpp">
      <Filter>Source Files\crypto</Filter>
    </ClCompile>
    <ClCompile Include="..\..\src\contrib\crypto\rng.cpp">
      <Filter>Source Files\crypto</Filter>
    </ClCompile>
    <ClCompile Include="..\..\src\contrib\crypto\rsa.cpp">
      <Filter>Source Files\crypto</Filter>
    </ClCompile>
    <ClCompile Include="..\..\src\contrib\crypto\rw.cpp">
      <Filter>Source Files\crypto</Filter>
    </ClCompile>
    <ClCompile Include="..\..\src\contrib\crypto\safer.cpp">
      <Filter>Source Files\crypto</Filter>
    </ClCompile>
    <ClCompile Include="..\..\src\contrib\crypto\salsa.cpp">
      <Filter>Source Files\crypto</Filter>
    </ClCompile>
    <ClCompile Include="..\..\src\contrib\crypto\seal.cpp">
      <Filter>Source Files\crypto</Filter>
    </ClCompile>
    <ClCompile Include="..\..\src\contrib\crypto\seed.cpp">
      <Filter>Source Files\crypto</Filter>
    </ClCompile>
    <ClCompile Include="..\..\src\contrib\crypto\serpent.cpp">
      <Filter>Source Files\crypto</Filter>
    </ClCompile>
    <ClCompile Include="..\..\src\contrib\crypto\sha.cpp">
      <Filter>Source Files\crypto</Filter>
    </ClCompile>
    <ClCompile Include="..\..\src\contrib\crypto\sha3.cpp">
      <Filter>Source Files\crypto</Filter>
    </ClCompile>
    <ClCompile Include="..\..\src\contrib\crypto\shacal2.cpp">
      <Filter>Source Files\crypto</Filter>
    </ClCompile>
    <ClCompile Include="..\..\src\contrib\crypto\shark.cpp">
      <Filter>Source Files\crypto</Filter>
    </ClCompile>
    <ClCompile Include="..\..\src\contrib\crypto\sharkbox.cpp">
      <Filter>Source Files\crypto</Filter>
    </ClCompile>
    <ClCompile Include="..\..\src\contrib\crypto\simple.cpp">
      <Filter>Source Files\crypto</Filter>
    </ClCompile>
    <ClCompile Include="..\..\src\contrib\crypto\skipjack.cpp">
      <Filter>Source Files\crypto</Filter>
    </ClCompile>
    <ClCompile Include="..\..\src\contrib\crypto\socketft.cpp">
      <Filter>Source Files\crypto</Filter>
    </ClCompile>
    <ClCompile Include="..\..\src\contrib\crypto\sosemanuk.cpp">
      <Filter>Source Files\crypto</Filter>
    </ClCompile>
    <ClCompile Include="..\..\src\contrib\crypto\square.cpp">
      <Filter>Source Files\crypto</Filter>
    </ClCompile>
    <ClCompile Include="..\..\src\contrib\crypto\squaretb.cpp">
      <Filter>Source Files\crypto</Filter>
    </ClCompile>
    <ClCompile Include="..\..\src\contrib\crypto\strciphr.cpp">
      <Filter>Source Files\crypto</Filter>
    </ClCompile>
    <ClCompile Include="..\..\src\contrib\crypto\tea.cpp">
      <Filter>Source Files\crypto</Filter>
    </ClCompile>
    <ClCompile Include="..\..\src\contrib\crypto\tftables.cpp">
      <Filter>Source Files\crypto</Filter>
    </ClCompile>
    <ClCompile Include="..\..\src\contrib\crypto\tiger.cpp">
      <Filter>Source Files\crypto</Filter>
    </ClCompile>
    <ClCompile Include="..\..\src\contrib\crypto\tigertab.cpp">
      <Filter>Source Files\crypto</Filter>
    </ClCompile>
    <ClCompile Include="..\..\src\contrib\crypto\trdlocal.cpp">
      <Filter>Source Files\crypto</Filter>
    </ClCompile>
    <ClCompile Include="..\..\src\contrib\crypto\ttmac.cpp">
      <Filter>Source Files\crypto</Filter>
    </ClCompile>
    <ClCompile Include="..\..\src\contrib\crypto\twofish.cpp">
      <Filter>Source Files\crypto</Filter>
    </ClCompile>
    <ClCompile Include="..\..\src\contrib\crypto\vmac.cpp">
      <Filter>Source Files\crypto</Filter>
    </ClCompile>
    <ClCompile Include="..\..\src\contrib\crypto\wait.cpp">
      <Filter>Source Files\crypto</Filter>
    </ClCompile>
    <ClCompile Include="..\..\src\contrib\crypto\wake.cpp">
      <Filter>Source Files\crypto</Filter>
    </ClCompile>
    <ClCompile Include="..\..\src\contrib\crypto\whrlpool.cpp">
      <Filter>Source Files\crypto</Filter>
    </ClCompile>
    <ClCompile Include="..\..\src\contrib\crypto\winpipes.cpp">
      <Filter>Source Files\crypto</Filter>
    </ClCompile>
    <ClCompile Include="..\..\src\contrib\crypto\xtr.cpp">
      <Filter>Source Files\crypto</Filter>
    </ClCompile>
    <ClCompile Include="..\..\src\contrib\crypto\xtrcrypt.cpp">
      <Filter>Source Files\crypto</Filter>
    </ClCompile>
    <ClCompile Include="..\..\src\contrib\crypto\zdeflate.cpp">
      <Filter>Source Files\crypto</Filter>
    </ClCompile>
    <ClCompile Include="..\..\src\contrib\crypto\zinflate.cpp">
      <Filter>Source Files\crypto</Filter>
    </ClCompile>
    <ClCompile Include="..\..\src\contrib\crypto\zlib.cpp">
      <Filter>Source Files\crypto</Filter>
    </ClCompile>
  </ItemGroup>
  <ItemGroup>
    <Text Include="..\..\src\contrib\raknet\CMakeLists.txt">
      <Filter>Source Files\raknet</Filter>
    </Text>
  </ItemGroup>
  <ItemGroup>
    <None Include="..\..\src\contrib\raknet\RakNet.vcproj">
      <Filter>Source Files\raknet</Filter>
    </None>
    <None Include="..\..\src\contrib\raknet\RakNet_vc8.vcproj">
      <Filter>Source Files\raknet</Filter>
    </None>
    <None Include="..\..\src\contrib\raknet\RakNet_vc9.vcproj">
      <Filter>Source Files\raknet</Filter>
    </None>
  </ItemGroup>
</Project>